Microsoft Visual Studio Solution File, Format Version 11.00
# Visual Studio 2008

Project("{855B38E0-6B37-232E-60A9-BA792E9B2CD9}") = "ShonkyAssembler", "Assembly-CSharp.csproj", "{81E43DBA-E1BB-ACD3-D6D4-707777004729}"
EndProject
Global
	GlobalSection(SolutionConfigurationPlatforms) = preSolution
		Debug|Any CPU = Debug|Any CPU
		Release|Any CPU = Release|Any CPU
	EndGlobalSection
	GlobalSection(ProjectConfigurationPlatforms) = postSolution
		{81E43DBA-E1BB-ACD3-D6D4-707777004729}.Debug|Any CPU.ActiveCfg = Debug|Any CPU
		{81E43DBA-E1BB-ACD3-D6D4-707777004729}.Debug|Any CPU.Build.0 = Debug|Any CPU
		{81E43DBA-E1BB-ACD3-D6D4-707777004729}.Release|Any CPU.ActiveCfg = Release|Any CPU
		{81E43DBA-E1BB-ACD3-D6D4-707777004729}.Release|Any CPU.Build.0 = Release|Any CPU
	EndGlobalSection
	GlobalSection(SolutionProperties) = preSolution
		HideSolutionNode = FALSE
	EndGlobalSection
	GlobalSection(MonoDevelopProperties) = preSolution
		StartupItem = Assembly-CSharp.csproj
	EndGlobalSection
EndGlobal
